
Microsoft Visual Studio Solution File, Format Version 12.00
# Visual Studio Version 17
VisualStudioVersion = 17.6.33829.357
MinimumVisualStudioVersion = 10.0.40219.1
Project("{9A19103F-16F7-4668-BE54-9A1E7A4F7556}") = "PortalGalaxy.ApiRest", "PortalGalaxy.ApiRest\PortalGalaxy.ApiRest.csproj", "{5378985E-DF68-4BC6-BC3D-A307E42CD5B5}"
EndProject
Project("{9A19103F-16F7-4668-BE54-9A1E7A4F7556}") = "PortalGalaxy.Entities", "PortalGalaxy.Entities\PortalGalaxy.Entities.csproj", "{7EC9C5CD-8110-4CC1-9E63-6DE099E5D243}"
EndProject
Project("{9A19103F-16F7-4668-BE54-9A1E7A4F7556}") = "PortalGalaxy.DataAccess", "PortalGalaxy.DataAccess\PortalGalaxy.DataAccess.csproj", "{0AB77A03-8306-4946-ABA2-0C42C9CBE0AB}"
EndProject
Project("{9A19103F-16F7-4668-BE54-9A1E7A4F7556}") = "PortalGalaxy.Repositories", "PortalGalaxy.Repositories\PortalGalaxy.Repositories.csproj", "{A78A791E-298E-4539-9E65-698194B3E3AF}"
EndProject
Project("{9A19103F-16F7-4668-BE54-9A1E7A4F7556}") = "PortalGalaxy.Models", "PortalGalaxy.Models\PortalGalaxy.Models.csproj", "{8F9CA224-E473-4FFA-831D-EAD5BD73EE1D}"
EndProject
Project("{9A19103F-16F7-4668-BE54-9A1E7A4F7556}") = "PortalGalaxy.ViewModels", "PortalGalaxy.ViewModels\PortalGalaxy.ViewModels.csproj", "{0BEF165D-7795-47B4-8569-8795DD0575EE}"
EndProject
Project("{9A19103F-16F7-4668-BE54-9A1E7A4F7556}") = "PortalGalaxy.Services", "PortalGalaxy.Services\PortalGalaxy.Services.csproj", "{53B1B30C-9D4B-4726-8007-BCC224A2D8AA}"
EndProject
Project("{FAE04EC0-301F-11D3-BF4B-00C04F79EFBC}") = "PortalGalaxy.WebMvc", "PortalGalaxy.WebMvc\PortalGalaxy.WebMvc.csproj", "{67285F25-0A90-4E17-8846-08E6052C5BEA}"
EndProject
Project("{2150E333-8FDC-42A3-9474-1A3956D46DE8}") = "00. Frontend", "00. Frontend", "{98ABCB51-F9ED-4866-A87C-AF1B186ECF7D}"
EndProject
Project("{2150E333-8FDC-42A3-9474-1A3956D46DE8}") = "01. Backend", "01. Backend", "{C810FCA5-C26F-4120-9FA8-C1866A846D6E}"
EndProject
Project("{2150E333-8FDC-42A3-9474-1A3956D46DE8}") = "00. Entidades", "00. Entidades", "{4581AC9D-6B93-484B-834C-6652BC620D1D}"
EndProject
Project("{2150E333-8FDC-42A3-9474-1A3956D46DE8}") = "01. Acceso a datos", "01. Acceso a datos", "{C5206D0B-DBF3-410C-811E-2300DEBC2E68}"
EndProject
Project("{2150E333-8FDC-42A3-9474-1A3956D46DE8}") = "02. Logica de Negocio", "02. Logica de Negocio", "{06780069-BF5F-4DC6-ACFB-0719AE640EEF}"
EndProject
Project("{2150E333-8FDC-42A3-9474-1A3956D46DE8}") = "03. Pruebas Unitarias", "03. Pruebas Unitarias", "{EACE03F4-E70F-426C-9271-2A71409BD0C3}"
EndProject
Project("{2150E333-8FDC-42A3-9474-1A3956D46DE8}") = "04. API REST", "04. API REST", "{B07F4F74-8BA1-490F-B97D-1339EC59646F}"
EndProject
Project("{FAE04EC0-301F-11D3-BF4B-00C04F79EFBC}") = "PortalGalaxy.UnitTest", "PortalGalaxy.UnitTest\PortalGalaxy.UnitTest.csproj", "{7C3093E4-0F6A-4F42-BE7B-1BDCD19B2E23}"
EndProject
Global
	GlobalSection(SolutionConfigurationPlatforms) = preSolution
		Debug|Any CPU = Debug|Any CPU
		Release|Any CPU = Release|Any CPU
	EndGlobalSection
	GlobalSection(ProjectConfigurationPlatforms) = postSolution
		{5378985E-DF68-4BC6-BC3D-A307E42CD5B5}.Debug|Any CPU.ActiveCfg = Debug|Any CPU
		{5378985E-DF68-4BC6-BC3D-A307E42CD5B5}.Debug|Any CPU.Build.0 = Debug|Any CPU
		{5378985E-DF68-4BC6-BC3D-A307E42CD5B5}.Release|Any CPU.ActiveCfg = Release|Any CPU
		{5378985E-DF68-4BC6-BC3D-A307E42CD5B5}.Release|Any CPU.Build.0 = Release|Any CPU
		{7EC9C5CD-8110-4CC1-9E63-6DE099E5D243}.Debug|Any CPU.ActiveCfg = Debug|Any CPU
		{7EC9C5CD-8110-4CC1-9E63-6DE099E5D243}.Debug|Any CPU.Build.0 = Debug|Any CPU
		{7EC9C5CD-8110-4CC1-9E63-6DE099E5D243}.Release|Any CPU.ActiveCfg = Release|Any CPU
		{7EC9C5CD-8110-4CC1-9E63-6DE099E5D243}.Release|Any CPU.Build.0 = Release|Any CPU
		{0AB77A03-8306-4946-ABA2-0C42C9CBE0AB}.Debug|Any CPU.ActiveCfg = Debug|Any CPU
		{0AB77A03-8306-4946-ABA2-0C42C9CBE0AB}.Debug|Any CPU.Build.0 = Debug|Any CPU
		{0AB77A03-8306-4946-ABA2-0C42C9CBE0AB}.Release|Any CPU.ActiveCfg = Release|Any CPU
		{0AB77A03-8306-4946-ABA2-0C42C9CBE0AB}.Release|Any CPU.Build.0 = Release|Any CPU
		{A78A791E-298E-4539-9E65-698194B3E3AF}.Debug|Any CPU.ActiveCfg = Debug|Any CPU
		{A78A791E-298E-4539-9E65-698194B3E3AF}.Debug|Any CPU.Build.0 = Debug|Any CPU
		{A78A791E-298E-4539-9E65-698194B3E3AF}.Release|Any CPU.ActiveCfg = Release|Any CPU
		{A78A791E-298E-4539-9E65-698194B3E3AF}.Release|Any CPU.Build.0 = Release|Any CPU
		{8F9CA224-E473-4FFA-831D-EAD5BD73EE1D}.Debug|Any CPU.ActiveCfg = Debug|Any CPU
		{8F9CA224-E473-4FFA-831D-EAD5BD73EE1D}.Debug|Any CPU.Build.0 = Debug|Any CPU
		{8F9CA224-E473-4FFA-831D-EAD5BD73EE1D}.Release|Any CPU.ActiveCfg = Release|Any CPU
		{8F9CA224-E473-4FFA-831D-EAD5BD73EE1D}.Release|Any CPU.Build.0 = Release|Any CPU
		{0BEF165D-7795-47B4-8569-8795DD0575EE}.Debug|Any CPU.ActiveCfg = Debug|Any CPU
		{0BEF165D-7795-47B4-8569-8795DD0575EE}.Debug|Any CPU.Build.0 = Debug|Any CPU
		{0BEF165D-7795-47B4-8569-8795DD0575EE}.Release|Any CPU.ActiveCfg = Release|Any CPU
		{0BEF165D-7795-47B4-8569-8795DD0575EE}.Release|Any CPU.Build.0 = Release|Any CPU
		{53B1B30C-9D4B-4726-8007-BCC224A2D8AA}.Debug|Any CPU.ActiveCfg = Debug|Any CPU
		{53B1B30C-9D4B-4726-8007-BCC224A2D8AA}.Debug|Any CPU.Build.0 = Debug|Any CPU
		{53B1B30C-9D4B-4726-8007-BCC224A2D8AA}.Release|Any CPU.ActiveCfg = Release|Any CPU
		{53B1B30C-9D4B-4726-8007-BCC224A2D8AA}.Release|Any CPU.Build.0 = Release|Any CPU
		{67285F25-0A90-4E17-8846-08E6052C5BEA}.Debug|Any CPU.ActiveCfg = Debug|Any CPU
		{67285F25-0A90-4E17-8846-08E6052C5BEA}.Debug|Any CPU.Build.0 = Debug|Any CPU
		{67285F25-0A90-4E17-8846-08E6052C5BEA}.Release|Any CPU.ActiveCfg = Release|Any CPU
		{67285F25-0A90-4E17-8846-08E6052C5BEA}.Release|Any CPU.Build.0 = Release|Any CPU
		{7C3093E4-0F6A-4F42-BE7B-1BDCD19B2E23}.Debug|Any CPU.ActiveCfg = Debug|Any CPU
		{7C3093E4-0F6A-4F42-BE7B-1BDCD19B2E23}.Debug|Any CPU.Build.0 = Debug|Any CPU
		{7C3093E4-0F6A-4F42-BE7B-1BDCD19B2E23}.Release|Any CPU.ActiveCfg = Release|Any CPU
		{7C3093E4-0F6A-4F42-BE7B-1BDCD19B2E23}.Release|Any CPU.Build.0 = Release|Any CPU
	EndGlobalSection
	GlobalSection(SolutionProperties) = preSolution
		HideSolutionNode = FALSE
	EndGlobalSection
	GlobalSection(NestedProjects) = preSolution
		{5378985E-DF68-4BC6-BC3D-A307E42CD5B5} = {B07F4F74-8BA1-490F-B97D-1339EC59646F}
		{7EC9C5CD-8110-4CC1-9E63-6DE099E5D243} = {4581AC9D-6B93-484B-834C-6652BC620D1D}
		{0AB77A03-8306-4946-ABA2-0C42C9CBE0AB} = {C5206D0B-DBF3-410C-811E-2300DEBC2E68}
		{A78A791E-298E-4539-9E65-698194B3E3AF} = {C5206D0B-DBF3-410C-811E-2300DEBC2E68}
		{8F9CA224-E473-4FFA-831D-EAD5BD73EE1D} = {98ABCB51-F9ED-4866-A87C-AF1B186ECF7D}
		{0BEF165D-7795-47B4-8569-8795DD0575EE} = {98ABCB51-F9ED-4866-A87C-AF1B186ECF7D}
		{53B1B30C-9D4B-4726-8007-BCC224A2D8AA} = {06780069-BF5F-4DC6-ACFB-0719AE640EEF}
		{67285F25-0A90-4E17-8846-08E6052C5BEA} = {98ABCB51-F9ED-4866-A87C-AF1B186ECF7D}
		{4581AC9D-6B93-484B-834C-6652BC620D1D} = {C810FCA5-C26F-4120-9FA8-C1866A846D6E}
		{C5206D0B-DBF3-410C-811E-2300DEBC2E68} = {C810FCA5-C26F-4120-9FA8-C1866A846D6E}
		{06780069-BF5F-4DC6-ACFB-0719AE640EEF} = {C810FCA5-C26F-4120-9FA8-C1866A846D6E}
		{EACE03F4-E70F-426C-9271-2A71409BD0C3} = {C810FCA5-C26F-4120-9FA8-C1866A846D6E}
		{B07F4F74-8BA1-490F-B97D-1339EC59646F} = {C810FCA5-C26F-4120-9FA8-C1866A846D6E}
		{7C3093E4-0F6A-4F42-BE7B-1BDCD19B2E23} = {EACE03F4-E70F-426C-9271-2A71409BD0C3}
	EndGlobalSection
	GlobalSection(ExtensibilityGlobals) = postSolution
		SolutionGuid = {DF310177-6817-4CE0-AAA8-A61EBF96D80B}
	EndGlobalSection
EndGlobal
